
Microsoft Visual Studio Solution File, Format Version 12.00
# Visual Studio Version 17
VisualStudioVersion = 17.13.35913.81
MinimumVisualStudioVersion = 10.0.40219.1
Project("{8BC9CEB8-8B4A-11D0-8D11-00A0C91BC942}") = "Graph-test", "Sample-Test1.vcxproj", "{B3D639F0-929D-4303-BF82-C99C451482A7}"
EndProject
Project("{2150E333-8FDC-42A3-9474-1A3956D46DE8}") = "Элементы решения", "Элементы решения", "{754FC069-D67B-A9D7-50A1-8D1CA196D8F1}"
EndProject
Global
	GlobalSection(SolutionConfigurationPlatforms) = preSolution
		Debug|x64 = Debug|x64
		Debug|x86 = Debug|x86
		Release|x64 = Release|x64
		Release|x86 = Release|x86
	EndGlobalSection
	GlobalSection(ProjectConfigurationPlatforms) = postSolution
		{B3D639F0-929D-4303-BF82-C99C451482A7}.Debug|x64.ActiveCfg = Debug|x64
		{B3D639F0-929D-4303-BF82-C99C451482A7}.Debug|x64.Build.0 = Debug|x64
		{B3D639F0-929D-4303-BF82-C99C451482A7}.Debug|x86.ActiveCfg = Debug|Win32
		{B3D639F0-929D-4303-BF82-C99C451482A7}.Debug|x86.Build.0 = Debug|Win32
		{B3D639F0-929D-4303-BF82-C99C451482A7}.Release|x64.ActiveCfg = Release|x64
		{B3D639F0-929D-4303-BF82-C99C451482A7}.Release|x64.Build.0 = Release|x64
		{B3D639F0-929D-4303-BF82-C99C451482A7}.Release|x86.ActiveCfg = Release|Win32
		{B3D639F0-929D-4303-BF82-C99C451482A7}.Release|x86.Build.0 = Release|Win32
	EndGlobalSection
	GlobalSection(SolutionProperties) = preSolution
		HideSolutionNode = FALSE
	EndGlobalSection
	GlobalSection(ExtensibilityGlobals) = postSolution
		SolutionGuid = {1B498CC3-EB01-4694-84D5-6CCB978317FE}
	EndGlobalSection
EndGlobal
